
Microsoft Visual Studio Solution File, Format Version 12.00
# Visual Studio 14
VisualStudioVersion = 14.0.23107.0
MinimumVisualStudioVersion = 10.0.40219.1
Project("{2150E333-8FDC-42A3-9474-1A3956D46DE8}") = "Libraries", "Libraries", "{B5FFDD7D-CB37-4ECB-960C-519E4623C0A3}"
EndProject
Project("{2150E333-8FDC-42A3-9474-1A3956D46DE8}") = "Presentation", "Presentation", "{3343B599-D02B-4608-B10F-630282EBC28B}"
EndProject
Project("{2150E333-8FDC-42A3-9474-1A3956D46DE8}") = "Tests", "Tests", "{5BD80315-184C-4BBC-8B11-CD549EFD81A7}"
EndProject
Project("{FAE04EC0-301F-11D3-BF4B-00C04F79EFBC}") = "Web.Framework", "..\Presentation\Web.Framework\Web.Framework.csproj", "{65403E57-533B-456D-8A8A-F7F7F910BA27}"
EndProject
Project("{FAE04EC0-301F-11D3-BF4B-00C04F79EFBC}") = "Core", "..\Libraries\Core\Core.csproj", "{7EE82B01-D2B9-489A-8132-12794FCFE5F8}"
EndProject
Project("{FAE04EC0-301F-11D3-BF4B-00C04F79EFBC}") = "Web", "..\Presentation\Web\Web.csproj", "{FE301AF2-5BC7-4E4E-8B06-FDD61EE35412}"
EndProject
Project("{FAE04EC0-301F-11D3-BF4B-00C04F79EFBC}") = "Api", "..\Presentation\Api\Api.csproj", "{6F16BA7F-6D9F-436A-A5FC-7D575272D71B}"
EndProject
Project("{FAE04EC0-301F-11D3-BF4B-00C04F79EFBC}") = "Api.Tests", "..\Tests\Api.Tests\Api.Tests.csproj", "{1FFFE8EB-55AE-481A-B4A7-27542DAB3B21}"
EndProject
Project("{FAE04EC0-301F-11D3-BF4B-00C04F79EFBC}") = "Web.Tests", "..\Tests\Web.Tests\Web.Tests.csproj", "{195052D1-8EA0-4ADA-98B5-A681A32217EB}"
EndProject
Project("{2150E333-8FDC-42A3-9474-1A3956D46DE8}") = "Plugins", "Plugins", "{9503E383-ABD7-40E9-9CC8-866F1FAE2218}"
EndProject
Project("{2150E333-8FDC-42A3-9474-1A3956D46DE8}") = "Services", "Services", "{D9F8FF31-5DCE-416A-945C-AAFC678FA128}"
EndProject
Project("{FAE04EC0-301F-11D3-BF4B-00C04F79EFBC}") = "WcfService", "..\Services\WcfService\WcfService.csproj", "{93E1CE48-C004-415F-B449-B9CD4A775662}"
EndProject
Project("{2150E333-8FDC-42A3-9474-1A3956D46DE8}") = "WebServices", "WebServices", "{E9608576-53D8-4310-8F70-3545EE3F247D}"
EndProject
Project("{2150E333-8FDC-42A3-9474-1A3956D46DE8}") = "ApiServices", "ApiServices", "{4C2264EA-4A54-4CC5-9FA2-EF608ACE8954}"
EndProject
Project("{FAE04EC0-301F-11D3-BF4B-00C04F79EFBC}") = "Data", "..\Libraries\Data\Data.csproj", "{574686D6-D270-4A30-B638-DDCAD968704B}"
EndProject
Project("{FAE04EC0-301F-11D3-BF4B-00C04F79EFBC}") = "DataService", "..\Libraries\Service\DataService.csproj", "{116933A9-1388-4C69-8CC5-23DCBBC26FA0}"
EndProject
Project("{FAE04EC0-301F-11D3-BF4B-00C04F79EFBC}") = "DataEF7", "..\Libraries\DataEF7\DataEF7\DataEF7.csproj", "{B45C7DCF-8481-4FEA-AA81-A8D1145BFB39}"
EndProject
Project("{FAE04EC0-301F-11D3-BF4B-00C04F79EFBC}") = "WebServices.Host", "..\Services\WebServices\WebServices.Host\WebServices.Host.csproj", "{B2550A90-9426-4537-A6BD-7221BEBC17ED}"
EndProject
Project("{FAE04EC0-301F-11D3-BF4B-00C04F79EFBC}") = "WindowsService", "..\Services\WindowsService\WindowsService.csproj", "{9655EF75-F8C4-41C1-845A-3197624F32E5}"
EndProject
Project("{FAE04EC0-301F-11D3-BF4B-00C04F79EFBC}") = "WebServices.Interface", "..\Services\WebServices\WebServices.Interface\WebServices.Interface.csproj", "{174D66DB-8F67-44B2-A71C-BE31FE19FB8C}"
EndProject
Project("{FAE04EC0-301F-11D3-BF4B-00C04F79EFBC}") = "WebServices.Implementation", "..\Services\WebServices\WebServices.Implementation\WebServices.Implementation.csproj", "{02CFAC7C-BA87-4766-BEB8-1A5E81C9FE97}"
EndProject
Project("{FAE04EC0-301F-11D3-BF4B-00C04F79EFBC}") = "ServiceFramework", "..\Services\ServiceFramework\ServiceFramework.csproj", "{CBC9AE0B-8974-4EAB-A17C-F6D579117BD1}"
EndProject
Project("{FAE04EC0-301F-11D3-BF4B-00C04F79EFBC}") = "WebServices.Proxy", "..\Services\WebServices\WebServices.Proxy\WebServices.Proxy.csproj", "{16AACDA6-B1B1-4200-85D7-1DC91DCCA541}"
EndProject
Project("{FAE04EC0-301F-11D3-BF4B-00C04F79EFBC}") = "WcfTools", "..\Plugins\WcfTools\WcfTools.csproj", "{CD72F0B0-A599-40C9-BBA4-5238603A6586}"
EndProject
Project("{FAE04EC0-301F-11D3-BF4B-00C04F79EFBC}") = "Test", "..\Tests\Test\Test.csproj", "{305DC4A5-F7C5-4722-9C51-5743FF239330}"
EndProject
Global
	GlobalSection(SolutionConfigurationPlatforms) = preSolution
		Debug|Any CPU = Debug|Any CPU
		Debug|x64 = Debug|x64
		Debug|x86 = Debug|x86
		Release|Any CPU = Release|Any CPU
		Release|x64 = Release|x64
		Release|x86 = Release|x86
	EndGlobalSection
	GlobalSection(ProjectConfigurationPlatforms) = postSolution
		{65403E57-533B-456D-8A8A-F7F7F910BA27}.Debug|Any CPU.ActiveCfg = Debug|Any CPU
		{65403E57-533B-456D-8A8A-F7F7F910BA27}.Debug|Any CPU.Build.0 = Debug|Any CPU
		{65403E57-533B-456D-8A8A-F7F7F910BA27}.Debug|x64.ActiveCfg = Debug|x64
		{65403E57-533B-456D-8A8A-F7F7F910BA27}.Debug|x64.Build.0 = Debug|x64
		{65403E57-533B-456D-8A8A-F7F7F910BA27}.Debug|x86.ActiveCfg = Debug|x86
		{65403E57-533B-456D-8A8A-F7F7F910BA27}.Debug|x86.Build.0 = Debug|x86
		{65403E57-533B-456D-8A8A-F7F7F910BA27}.Release|Any CPU.ActiveCfg = Release|Any CPU
		{65403E57-533B-456D-8A8A-F7F7F910BA27}.Release|Any CPU.Build.0 = Release|Any CPU
		{65403E57-533B-456D-8A8A-F7F7F910BA27}.Release|x64.ActiveCfg = Release|x64
		{65403E57-533B-456D-8A8A-F7F7F910BA27}.Release|x64.Build.0 = Release|x64
		{65403E57-533B-456D-8A8A-F7F7F910BA27}.Release|x86.ActiveCfg = Release|x86
		{65403E57-533B-456D-8A8A-F7F7F910BA27}.Release|x86.Build.0 = Release|x86
		{7EE82B01-D2B9-489A-8132-12794FCFE5F8}.Debug|Any CPU.ActiveCfg = Debug|Any CPU
		{7EE82B01-D2B9-489A-8132-12794FCFE5F8}.Debug|Any CPU.Build.0 = Debug|Any CPU
		{7EE82B01-D2B9-489A-8132-12794FCFE5F8}.Debug|x64.ActiveCfg = Debug|x64
		{7EE82B01-D2B9-489A-8132-12794FCFE5F8}.Debug|x64.Build.0 = Debug|x64
		{7EE82B01-D2B9-489A-8132-12794FCFE5F8}.Debug|x86.ActiveCfg = Debug|x86
		{7EE82B01-D2B9-489A-8132-12794FCFE5F8}.Debug|x86.Build.0 = Debug|x86
		{7EE82B01-D2B9-489A-8132-12794FCFE5F8}.Release|Any CPU.ActiveCfg = Release|Any CPU
		{7EE82B01-D2B9-489A-8132-12794FCFE5F8}.Release|Any CPU.Build.0 = Release|Any CPU
		{7EE82B01-D2B9-489A-8132-12794FCFE5F8}.Release|x64.ActiveCfg = Release|x64
		{7EE82B01-D2B9-489A-8132-12794FCFE5F8}.Release|x64.Build.0 = Release|x64
		{7EE82B01-D2B9-489A-8132-12794FCFE5F8}.Release|x86.ActiveCfg = Release|x86
		{7EE82B01-D2B9-489A-8132-12794FCFE5F8}.Release|x86.Build.0 = Release|x86
		{FE301AF2-5BC7-4E4E-8B06-FDD61EE35412}.Debug|Any CPU.ActiveCfg = Debug|Any CPU
		{FE301AF2-5BC7-4E4E-8B06-FDD61EE35412}.Debug|Any CPU.Build.0 = Debug|Any CPU
		{FE301AF2-5BC7-4E4E-8B06-FDD61EE35412}.Debug|x64.ActiveCfg = Debug|x64
		{FE301AF2-5BC7-4E4E-8B06-FDD61EE35412}.Debug|x64.Build.0 = Debug|x64
		{FE301AF2-5BC7-4E4E-8B06-FDD61EE35412}.Debug|x86.ActiveCfg = Debug|x86
		{FE301AF2-5BC7-4E4E-8B06-FDD61EE35412}.Debug|x86.Build.0 = Debug|x86
		{FE301AF2-5BC7-4E4E-8B06-FDD61EE35412}.Release|Any CPU.ActiveCfg = Release|Any CPU
		{FE301AF2-5BC7-4E4E-8B06-FDD61EE35412}.Release|Any CPU.Build.0 = Release|Any CPU
		{FE301AF2-5BC7-4E4E-8B06-FDD61EE35412}.Release|x64.ActiveCfg = Release|x64
		{FE301AF2-5BC7-4E4E-8B06-FDD61EE35412}.Release|x64.Build.0 = Release|x64
		{FE301AF2-5BC7-4E4E-8B06-FDD61EE35412}.Release|x86.ActiveCfg = Release|x86
		{FE301AF2-5BC7-4E4E-8B06-FDD61EE35412}.Release|x86.Build.0 = Release|x86
		{6F16BA7F-6D9F-436A-A5FC-7D575272D71B}.Debug|Any CPU.ActiveCfg = Debug|Any CPU
		{6F16BA7F-6D9F-436A-A5FC-7D575272D71B}.Debug|Any CPU.Build.0 = Debug|Any CPU
		{6F16BA7F-6D9F-436A-A5FC-7D575272D71B}.Debug|x64.ActiveCfg = Debug|x64
		{6F16BA7F-6D9F-436A-A5FC-7D575272D71B}.Debug|x64.Build.0 = Debug|x64
		{6F16BA7F-6D9F-436A-A5FC-7D575272D71B}.Debug|x86.ActiveCfg = Debug|x86
		{6F16BA7F-6D9F-436A-A5FC-7D575272D71B}.Debug|x86.Build.0 = Debug|x86
		{6F16BA7F-6D9F-436A-A5FC-7D575272D71B}.Release|Any CPU.ActiveCfg = Release|Any CPU
		{6F16BA7F-6D9F-436A-A5FC-7D575272D71B}.Release|Any CPU.Build.0 = Release|Any CPU
		{6F16BA7F-6D9F-436A-A5FC-7D575272D71B}.Release|x64.ActiveCfg = Release|x64
		{6F16BA7F-6D9F-436A-A5FC-7D575272D71B}.Release|x64.Build.0 = Release|x64
		{6F16BA7F-6D9F-436A-A5FC-7D575272D71B}.Release|x86.ActiveCfg = Release|x86
		{6F16BA7F-6D9F-436A-A5FC-7D575272D71B}.Release|x86.Build.0 = Release|x86
		{1FFFE8EB-55AE-481A-B4A7-27542DAB3B21}.Debug|Any CPU.ActiveCfg = Debug|Any CPU
		{1FFFE8EB-55AE-481A-B4A7-27542DAB3B21}.Debug|Any CPU.Build.0 = Debug|Any CPU
		{1FFFE8EB-55AE-481A-B4A7-27542DAB3B21}.Debug|x64.ActiveCfg = Debug|x64
		{1FFFE8EB-55AE-481A-B4A7-27542DAB3B21}.Debug|x64.Build.0 = Debug|x64
		{1FFFE8EB-55AE-481A-B4A7-27542DAB3B21}.Debug|x86.ActiveCfg = Debug|x86
		{1FFFE8EB-55AE-481A-B4A7-27542DAB3B21}.Debug|x86.Build.0 = Debug|x86
		{1FFFE8EB-55AE-481A-B4A7-27542DAB3B21}.Release|Any CPU.ActiveCfg = Release|Any CPU
		{1FFFE8EB-55AE-481A-B4A7-27542DAB3B21}.Release|Any CPU.Build.0 = Release|Any CPU
		{1FFFE8EB-55AE-481A-B4A7-27542DAB3B21}.Release|x64.ActiveCfg = Release|x64
		{1FFFE8EB-55AE-481A-B4A7-27542DAB3B21}.Release|x64.Build.0 = Release|x64
		{1FFFE8EB-55AE-481A-B4A7-27542DAB3B21}.Release|x86.ActiveCfg = Release|x86
		{1FFFE8EB-55AE-481A-B4A7-27542DAB3B21}.Release|x86.Build.0 = Release|x86
		{195052D1-8EA0-4ADA-98B5-A681A32217EB}.Debug|Any CPU.ActiveCfg = Debug|Any CPU
		{195052D1-8EA0-4ADA-98B5-A681A32217EB}.Debug|Any CPU.Build.0 = Debug|Any CPU
		{195052D1-8EA0-4ADA-98B5-A681A32217EB}.Debug|x64.ActiveCfg = Debug|x64
		{195052D1-8EA0-4ADA-98B5-A681A32217EB}.Debug|x64.Build.0 = Debug|x64
		{195052D1-8EA0-4ADA-98B5-A681A32217EB}.Debug|x86.ActiveCfg = Debug|x86
		{195052D1-8EA0-4ADA-98B5-A681A32217EB}.Debug|x86.Build.0 = Debug|x86
		{195052D1-8EA0-4ADA-98B5-A681A32217EB}.Release|Any CPU.ActiveCfg = Release|Any CPU
		{195052D1-8EA0-4ADA-98B5-A681A32217EB}.Release|Any CPU.Build.0 = Release|Any CPU
		{195052D1-8EA0-4ADA-98B5-A681A32217EB}.Release|x64.ActiveCfg = Release|x64
		{195052D1-8EA0-4ADA-98B5-A681A32217EB}.Release|x64.Build.0 = Release|x64
		{195052D1-8EA0-4ADA-98B5-A681A32217EB}.Release|x86.ActiveCfg = Release|x86
		{195052D1-8EA0-4ADA-98B5-A681A32217EB}.Release|x86.Build.0 = Release|x86
		{93E1CE48-C004-415F-B449-B9CD4A775662}.Debug|Any CPU.ActiveCfg = Debug|Any CPU
		{93E1CE48-C004-415F-B449-B9CD4A775662}.Debug|Any CPU.Build.0 = Debug|Any CPU
		{93E1CE48-C004-415F-B449-B9CD4A775662}.Debug|x64.ActiveCfg = Debug|x64
		{93E1CE48-C004-415F-B449-B9CD4A775662}.Debug|x64.Build.0 = Debug|x64
		{93E1CE48-C004-415F-B449-B9CD4A775662}.Debug|x86.ActiveCfg = Debug|x86
		{93E1CE48-C004-415F-B449-B9CD4A775662}.Debug|x86.Build.0 = Debug|x86
		{93E1CE48-C004-415F-B449-B9CD4A775662}.Release|Any CPU.ActiveCfg = Release|Any CPU
		{93E1CE48-C004-415F-B449-B9CD4A775662}.Release|Any CPU.Build.0 = Release|Any CPU
		{93E1CE48-C004-415F-B449-B9CD4A775662}.Release|x64.ActiveCfg = Release|x64
		{93E1CE48-C004-415F-B449-B9CD4A775662}.Release|x64.Build.0 = Release|x64
		{93E1CE48-C004-415F-B449-B9CD4A775662}.Release|x86.ActiveCfg = Release|x86
		{93E1CE48-C004-415F-B449-B9CD4A775662}.Release|x86.Build.0 = Release|x86
		{574686D6-D270-4A30-B638-DDCAD968704B}.Debug|Any CPU.ActiveCfg = Debug|Any CPU
		{574686D6-D270-4A30-B638-DDCAD968704B}.Debug|Any CPU.Build.0 = Debug|Any CPU
		{574686D6-D270-4A30-B638-DDCAD968704B}.Debug|x64.ActiveCfg = Debug|x64
		{574686D6-D270-4A30-B638-DDCAD968704B}.Debug|x64.Build.0 = Debug|x64
		{574686D6-D270-4A30-B638-DDCAD968704B}.Debug|x86.ActiveCfg = Debug|x86
		{574686D6-D270-4A30-B638-DDCAD968704B}.Debug|x86.Build.0 = Debug|x86
		{574686D6-D270-4A30-B638-DDCAD968704B}.Release|Any CPU.ActiveCfg = Release|Any CPU
		{574686D6-D270-4A30-B638-DDCAD968704B}.Release|Any CPU.Build.0 = Release|Any CPU
		{574686D6-D270-4A30-B638-DDCAD968704B}.Release|x64.ActiveCfg = Release|x64
		{574686D6-D270-4A30-B638-DDCAD968704B}.Release|x64.Build.0 = Release|x64
		{574686D6-D270-4A30-B638-DDCAD968704B}.Release|x86.ActiveCfg = Release|x86
		{574686D6-D270-4A30-B638-DDCAD968704B}.Release|x86.Build.0 = Release|x86
		{116933A9-1388-4C69-8CC5-23DCBBC26FA0}.Debug|Any CPU.ActiveCfg = Debug|Any CPU
		{116933A9-1388-4C69-8CC5-23DCBBC26FA0}.Debug|Any CPU.Build.0 = Debug|Any CPU
		{116933A9-1388-4C69-8CC5-23DCBBC26FA0}.Debug|x64.ActiveCfg = Debug|x64
		{116933A9-1388-4C69-8CC5-23DCBBC26FA0}.Debug|x64.Build.0 = Debug|x64
		{116933A9-1388-4C69-8CC5-23DCBBC26FA0}.Debug|x86.ActiveCfg = Debug|x86
		{116933A9-1388-4C69-8CC5-23DCBBC26FA0}.Debug|x86.Build.0 = Debug|x86
		{116933A9-1388-4C69-8CC5-23DCBBC26FA0}.Release|Any CPU.ActiveCfg = Release|Any CPU
		{116933A9-1388-4C69-8CC5-23DCBBC26FA0}.Release|Any CPU.Build.0 = Release|Any CPU
		{116933A9-1388-4C69-8CC5-23DCBBC26FA0}.Release|x64.ActiveCfg = Release|x64
		{116933A9-1388-4C69-8CC5-23DCBBC26FA0}.Release|x64.Build.0 = Release|x64
		{116933A9-1388-4C69-8CC5-23DCBBC26FA0}.Release|x86.ActiveCfg = Release|x86
		{116933A9-1388-4C69-8CC5-23DCBBC26FA0}.Release|x86.Build.0 = Release|x86
		{B45C7DCF-8481-4FEA-AA81-A8D1145BFB39}.Debug|Any CPU.ActiveCfg = Debug|Any CPU
		{B45C7DCF-8481-4FEA-AA81-A8D1145BFB39}.Debug|Any CPU.Build.0 = Debug|Any CPU
		{B45C7DCF-8481-4FEA-AA81-A8D1145BFB39}.Debug|x64.ActiveCfg = Debug|x64
		{B45C7DCF-8481-4FEA-AA81-A8D1145BFB39}.Debug|x64.Build.0 = Debug|x64
		{B45C7DCF-8481-4FEA-AA81-A8D1145BFB39}.Debug|x86.ActiveCfg = Debug|Any CPU
		{B45C7DCF-8481-4FEA-AA81-A8D1145BFB39}.Debug|x86.Build.0 = Debug|Any CPU
		{B45C7DCF-8481-4FEA-AA81-A8D1145BFB39}.Release|Any CPU.ActiveCfg = Release|Any CPU
		{B45C7DCF-8481-4FEA-AA81-A8D1145BFB39}.Release|Any CPU.Build.0 = Release|Any CPU
		{B45C7DCF-8481-4FEA-AA81-A8D1145BFB39}.Release|x64.ActiveCfg = Release|Any CPU
		{B45C7DCF-8481-4FEA-AA81-A8D1145BFB39}.Release|x64.Build.0 = Release|Any CPU
		{B45C7DCF-8481-4FEA-AA81-A8D1145BFB39}.Release|x86.ActiveCfg = Release|Any CPU
		{B45C7DCF-8481-4FEA-AA81-A8D1145BFB39}.Release|x86.Build.0 = Release|Any CPU
		{B2550A90-9426-4537-A6BD-7221BEBC17ED}.Debug|Any CPU.ActiveCfg = Debug|Any CPU
		{B2550A90-9426-4537-A6BD-7221BEBC17ED}.Debug|Any CPU.Build.0 = Debug|Any CPU
		{B2550A90-9426-4537-A6BD-7221BEBC17ED}.Debug|x64.ActiveCfg = Debug|x64
		{B2550A90-9426-4537-A6BD-7221BEBC17ED}.Debug|x64.Build.0 = Debug|x64
		{B2550A90-9426-4537-A6BD-7221BEBC17ED}.Debug|x86.ActiveCfg = Debug|Any CPU
		{B2550A90-9426-4537-A6BD-7221BEBC17ED}.Debug|x86.Build.0 = Debug|Any CPU
		{B2550A90-9426-4537-A6BD-7221BEBC17ED}.Release|Any CPU.ActiveCfg = Release|Any CPU
		{B2550A90-9426-4537-A6BD-7221BEBC17ED}.Release|Any CPU.Build.0 = Release|Any CPU
		{B2550A90-9426-4537-A6BD-7221BEBC17ED}.Release|x64.ActiveCfg = Release|Any CPU
		{B2550A90-9426-4537-A6BD-7221BEBC17ED}.Release|x64.Build.0 = Release|Any CPU
		{B2550A90-9426-4537-A6BD-7221BEBC17ED}.Release|x86.ActiveCfg = Release|Any CPU
		{B2550A90-9426-4537-A6BD-7221BEBC17ED}.Release|x86.Build.0 = Release|Any CPU
		{9655EF75-F8C4-41C1-845A-3197624F32E5}.Debug|Any CPU.ActiveCfg = Debug|Any CPU
		{9655EF75-F8C4-41C1-845A-3197624F32E5}.Debug|Any CPU.Build.0 = Debug|Any CPU
		{9655EF75-F8C4-41C1-845A-3197624F32E5}.Debug|x64.ActiveCfg = Debug|x64
		{9655EF75-F8C4-41C1-845A-3197624F32E5}.Debug|x64.Build.0 = Debug|x64
		{9655EF75-F8C4-41C1-845A-3197624F32E5}.Debug|x86.ActiveCfg = Debug|Any CPU
		{9655EF75-F8C4-41C1-845A-3197624F32E5}.Debug|x86.Build.0 = Debug|Any CPU
		{9655EF75-F8C4-41C1-845A-3197624F32E5}.Release|Any CPU.ActiveCfg = Release|Any CPU
		{9655EF75-F8C4-41C1-845A-3197624F32E5}.Release|Any CPU.Build.0 = Release|Any CPU
		{9655EF75-F8C4-41C1-845A-3197624F32E5}.Release|x64.ActiveCfg = Release|Any CPU
		{9655EF75-F8C4-41C1-845A-3197624F32E5}.Release|x64.Build.0 = Release|Any CPU
		{9655EF75-F8C4-41C1-845A-3197624F32E5}.Release|x86.ActiveCfg = Release|Any CPU
		{9655EF75-F8C4-41C1-845A-3197624F32E5}.Release|x86.Build.0 = Release|Any CPU
		{174D66DB-8F67-44B2-A71C-BE31FE19FB8C}.Debug|Any CPU.ActiveCfg = Debug|Any CPU
		{174D66DB-8F67-44B2-A71C-BE31FE19FB8C}.Debug|Any CPU.Build.0 = Debug|Any CPU
		{174D66DB-8F67-44B2-A71C-BE31FE19FB8C}.Debug|x64.ActiveCfg = Debug|x64
		{174D66DB-8F67-44B2-A71C-BE31FE19FB8C}.Debug|x64.Build.0 = Debug|x64
		{174D66DB-8F67-44B2-A71C-BE31FE19FB8C}.Debug|x86.ActiveCfg = Debug|Any CPU
		{174D66DB-8F67-44B2-A71C-BE31FE19FB8C}.Debug|x86.Build.0 = Debug|Any CPU
		{174D66DB-8F67-44B2-A71C-BE31FE19FB8C}.Release|Any CPU.ActiveCfg = Release|Any CPU
		{174D66DB-8F67-44B2-A71C-BE31FE19FB8C}.Release|Any CPU.Build.0 = Release|Any CPU
		{174D66DB-8F67-44B2-A71C-BE31FE19FB8C}.Release|x64.ActiveCfg = Release|Any CPU
		{174D66DB-8F67-44B2-A71C-BE31FE19FB8C}.Release|x64.Build.0 = Release|Any CPU
		{174D66DB-8F67-44B2-A71C-BE31FE19FB8C}.Release|x86.ActiveCfg = Release|Any CPU
		{174D66DB-8F67-44B2-A71C-BE31FE19FB8C}.Release|x86.Build.0 = Release|Any CPU
		{02CFAC7C-BA87-4766-BEB8-1A5E81C9FE97}.Debug|Any CPU.ActiveCfg = Debug|Any CPU
		{02CFAC7C-BA87-4766-BEB8-1A5E81C9FE97}.Debug|Any CPU.Build.0 = Debug|Any CPU
		{02CFAC7C-BA87-4766-BEB8-1A5E81C9FE97}.Debug|x64.ActiveCfg = Debug|x64
		{02CFAC7C-BA87-4766-BEB8-1A5E81C9FE97}.Debug|x64.Build.0 = Debug|x64
		{02CFAC7C-BA87-4766-BEB8-1A5E81C9FE97}.Debug|x86.ActiveCfg = Debug|Any CPU
		{02CFAC7C-BA87-4766-BEB8-1A5E81C9FE97}.Debug|x86.Build.0 = Debug|Any CPU
		{02CFAC7C-BA87-4766-BEB8-1A5E81C9FE97}.Release|Any CPU.ActiveCfg = Release|Any CPU
		{02CFAC7C-BA87-4766-BEB8-1A5E81C9FE97}.Release|Any CPU.Build.0 = Release|Any CPU
		{02CFAC7C-BA87-4766-BEB8-1A5E81C9FE97}.Release|x64.ActiveCfg = Release|Any CPU
		{02CFAC7C-BA87-4766-BEB8-1A5E81C9FE97}.Release|x64.Build.0 = Release|Any CPU
		{02CFAC7C-BA87-4766-BEB8-1A5E81C9FE97}.Release|x86.ActiveCfg = Release|Any CPU
		{02CFAC7C-BA87-4766-BEB8-1A5E81C9FE97}.Release|x86.Build.0 = Release|Any CPU
		{CBC9AE0B-8974-4EAB-A17C-F6D579117BD1}.Debug|Any CPU.ActiveCfg = Debug|Any CPU
		{CBC9AE0B-8974-4EAB-A17C-F6D579117BD1}.Debug|Any CPU.Build.0 = Debug|Any CPU
		{CBC9AE0B-8974-4EAB-A17C-F6D579117BD1}.Debug|x64.ActiveCfg = Debug|x64
		{CBC9AE0B-8974-4EAB-A17C-F6D579117BD1}.Debug|x64.Build.0 = Debug|x64
		{CBC9AE0B-8974-4EAB-A17C-F6D579117BD1}.Debug|x86.ActiveCfg = Debug|Any CPU
		{CBC9AE0B-8974-4EAB-A17C-F6D579117BD1}.Debug|x86.Build.0 = Debug|Any CPU
		{CBC9AE0B-8974-4EAB-A17C-F6D579117BD1}.Release|Any CPU.ActiveCfg = Release|Any CPU
		{CBC9AE0B-8974-4EAB-A17C-F6D579117BD1}.Release|Any CPU.Build.0 = Release|Any CPU
		{CBC9AE0B-8974-4EAB-A17C-F6D579117BD1}.Release|x64.ActiveCfg = Release|Any CPU
		{CBC9AE0B-8974-4EAB-A17C-F6D579117BD1}.Release|x64.Build.0 = Release|Any CPU
		{CBC9AE0B-8974-4EAB-A17C-F6D579117BD1}.Release|x86.ActiveCfg = Release|Any CPU
		{CBC9AE0B-8974-4EAB-A17C-F6D579117BD1}.Release|x86.Build.0 = Release|Any CPU
		{16AACDA6-B1B1-4200-85D7-1DC91DCCA541}.Debug|Any CPU.ActiveCfg = Debug|Any CPU
		{16AACDA6-B1B1-4200-85D7-1DC91DCCA541}.Debug|Any CPU.Build.0 = Debug|Any CPU
		{16AACDA6-B1B1-4200-85D7-1DC91DCCA541}.Debug|x64.ActiveCfg = Debug|x64
		{16AACDA6-B1B1-4200-85D7-1DC91DCCA541}.Debug|x64.Build.0 = Debug|x64
		{16AACDA6-B1B1-4200-85D7-1DC91DCCA541}.Debug|x86.ActiveCfg = Debug|Any CPU
		{16AACDA6-B1B1-4200-85D7-1DC91DCCA541}.Debug|x86.Build.0 = Debug|Any CPU
		{16AACDA6-B1B1-4200-85D7-1DC91DCCA541}.Release|Any CPU.ActiveCfg = Release|Any CPU
		{16AACDA6-B1B1-4200-85D7-1DC91DCCA541}.Release|Any CPU.Build.0 = Release|Any CPU
		{16AACDA6-B1B1-4200-85D7-1DC91DCCA541}.Release|x64.ActiveCfg = Release|Any CPU
		{16AACDA6-B1B1-4200-85D7-1DC91DCCA541}.Release|x64.Build.0 = Release|Any CPU
		{16AACDA6-B1B1-4200-85D7-1DC91DCCA541}.Release|x86.ActiveCfg = Release|Any CPU
		{16AACDA6-B1B1-4200-85D7-1DC91DCCA541}.Release|x86.Build.0 = Release|Any CPU
		{CD72F0B0-A599-40C9-BBA4-5238603A6586}.Debug|Any CPU.ActiveCfg = Debug|Any CPU
		{CD72F0B0-A599-40C9-BBA4-5238603A6586}.Debug|Any CPU.Build.0 = Debug|Any CPU
		{CD72F0B0-A599-40C9-BBA4-5238603A6586}.Debug|x64.ActiveCfg = Debug|x64
		{CD72F0B0-A599-40C9-BBA4-5238603A6586}.Debug|x64.Build.0 = Debug|x64
		{CD72F0B0-A599-40C9-BBA4-5238603A6586}.Debug|x86.ActiveCfg = Debug|Any CPU
		{CD72F0B0-A599-40C9-BBA4-5238603A6586}.Debug|x86.Build.0 = Debug|Any CPU
		{CD72F0B0-A599-40C9-BBA4-5238603A6586}.Release|Any CPU.ActiveCfg = Release|Any CPU
		{CD72F0B0-A599-40C9-BBA4-5238603A6586}.Release|Any CPU.Build.0 = Release|Any CPU
		{CD72F0B0-A599-40C9-BBA4-5238603A6586}.Release|x64.ActiveCfg = Release|Any CPU
		{CD72F0B0-A599-40C9-BBA4-5238603A6586}.Release|x64.Build.0 = Release|Any CPU
		{CD72F0B0-A599-40C9-BBA4-5238603A6586}.Release|x86.ActiveCfg = Release|Any CPU
		{CD72F0B0-A599-40C9-BBA4-5238603A6586}.Release|x86.Build.0 = Release|Any CPU
		{305DC4A5-F7C5-4722-9C51-5743FF239330}.Debug|Any CPU.ActiveCfg = Debug|Any CPU
		{305DC4A5-F7C5-4722-9C51-5743FF239330}.Debug|Any CPU.Build.0 = Debug|Any CPU
		{305DC4A5-F7C5-4722-9C51-5743FF239330}.Debug|x64.ActiveCfg = Debug|x64
		{305DC4A5-F7C5-4722-9C51-5743FF239330}.Debug|x64.Build.0 = Debug|x64
		{305DC4A5-F7C5-4722-9C51-5743FF239330}.Debug|x86.ActiveCfg = Debug|Any CPU
		{305DC4A5-F7C5-4722-9C51-5743FF239330}.Debug|x86.Build.0 = Debug|Any CPU
		{305DC4A5-F7C5-4722-9C51-5743FF239330}.Release|Any CPU.ActiveCfg = Release|Any CPU
		{305DC4A5-F7C5-4722-9C51-5743FF239330}.Release|Any CPU.Build.0 = Release|Any CPU
		{305DC4A5-F7C5-4722-9C51-5743FF239330}.Release|x64.ActiveCfg = Release|Any CPU
		{305DC4A5-F7C5-4722-9C51-5743FF239330}.Release|x64.Build.0 = Release|Any CPU
		{305DC4A5-F7C5-4722-9C51-5743FF239330}.Release|x86.ActiveCfg = Release|Any CPU
		{305DC4A5-F7C5-4722-9C51-5743FF239330}.Release|x86.Build.0 = Release|Any CPU
	EndGlobalSection
	GlobalSection(SolutionProperties) = preSolution
		HideSolutionNode = FALSE
	EndGlobalSection
	GlobalSection(NestedProjects) = preSolution
		{65403E57-533B-456D-8A8A-F7F7F910BA27} = {3343B599-D02B-4608-B10F-630282EBC28B}
		{7EE82B01-D2B9-489A-8132-12794FCFE5F8} = {B5FFDD7D-CB37-4ECB-960C-519E4623C0A3}
		{FE301AF2-5BC7-4E4E-8B06-FDD61EE35412} = {3343B599-D02B-4608-B10F-630282EBC28B}
		{6F16BA7F-6D9F-436A-A5FC-7D575272D71B} = {3343B599-D02B-4608-B10F-630282EBC28B}
		{1FFFE8EB-55AE-481A-B4A7-27542DAB3B21} = {5BD80315-184C-4BBC-8B11-CD549EFD81A7}
		{195052D1-8EA0-4ADA-98B5-A681A32217EB} = {5BD80315-184C-4BBC-8B11-CD549EFD81A7}
		{93E1CE48-C004-415F-B449-B9CD4A775662} = {D9F8FF31-5DCE-416A-945C-AAFC678FA128}
		{E9608576-53D8-4310-8F70-3545EE3F247D} = {D9F8FF31-5DCE-416A-945C-AAFC678FA128}
		{4C2264EA-4A54-4CC5-9FA2-EF608ACE8954} = {D9F8FF31-5DCE-416A-945C-AAFC678FA128}
		{574686D6-D270-4A30-B638-DDCAD968704B} = {B5FFDD7D-CB37-4ECB-960C-519E4623C0A3}
		{116933A9-1388-4C69-8CC5-23DCBBC26FA0} = {B5FFDD7D-CB37-4ECB-960C-519E4623C0A3}
		{B45C7DCF-8481-4FEA-AA81-A8D1145BFB39} = {B5FFDD7D-CB37-4ECB-960C-519E4623C0A3}
		{B2550A90-9426-4537-A6BD-7221BEBC17ED} = {E9608576-53D8-4310-8F70-3545EE3F247D}
		{9655EF75-F8C4-41C1-845A-3197624F32E5} = {D9F8FF31-5DCE-416A-945C-AAFC678FA128}
		{174D66DB-8F67-44B2-A71C-BE31FE19FB8C} = {E9608576-53D8-4310-8F70-3545EE3F247D}
		{02CFAC7C-BA87-4766-BEB8-1A5E81C9FE97} = {E9608576-53D8-4310-8F70-3545EE3F247D}
		{CBC9AE0B-8974-4EAB-A17C-F6D579117BD1} = {D9F8FF31-5DCE-416A-945C-AAFC678FA128}
		{16AACDA6-B1B1-4200-85D7-1DC91DCCA541} = {E9608576-53D8-4310-8F70-3545EE3F247D}
		{CD72F0B0-A599-40C9-BBA4-5238603A6586} = {9503E383-ABD7-40E9-9CC8-866F1FAE2218}
		{305DC4A5-F7C5-4722-9C51-5743FF239330} = {5BD80315-184C-4BBC-8B11-CD549EFD81A7}
	EndGlobalSection
EndGlobal
